
Microsoft Visual Studio Solution File, Format Version 12.00
# Visual Studio Version 16
VisualStudioVersion = 16.0.31410.357
MinimumVisualStudioVersion = 10.0.40219.1
Project("{8BC9CEB8-8B4A-11D0-8D11-00A0C91BC942}") = "upcastingDowncasting", "upcastingDowncasting\upcastingDowncasting.vcxproj", "{2011B496-7BEB-46AD-93FF-F42202DD4ABF}"
EndProject
Global
	GlobalSection(SolutionConfigurationPlatforms) = preSolution
		Debug|x64 = Debug|x64
		Debug|x86 = Debug|x86
		Release|x64 = Release|x64
		Release|x86 = Release|x86
	EndGlobalSection
	GlobalSection(ProjectConfigurationPlatforms) = postSolution
		{2011B496-7BEB-46AD-93FF-F42202DD4ABF}.Debug|x64.ActiveCfg = Debug|x64
		{2011B496-7BEB-46AD-93FF-F42202DD4ABF}.Debug|x64.Build.0 = Debug|x64
		{2011B496-7BEB-46AD-93FF-F42202DD4ABF}.Debug|x86.ActiveCfg = Debug|Win32
		{2011B496-7BEB-46AD-93FF-F42202DD4ABF}.Debug|x86.Build.0 = Debug|Win32
		{2011B496-7BEB-46AD-93FF-F42202DD4ABF}.Release|x64.ActiveCfg = Release|x64
		{2011B496-7BEB-46AD-93FF-F42202DD4ABF}.Release|x64.Build.0 = Release|x64
		{2011B496-7BEB-46AD-93FF-F42202DD4ABF}.Release|x86.ActiveCfg = Release|Win32
		{2011B496-7BEB-46AD-93FF-F42202DD4ABF}.Release|x86.Build.0 = Release|Win32
	EndGlobalSection
	GlobalSection(SolutionProperties) = preSolution
		HideSolutionNode = FALSE
	EndGlobalSection
	GlobalSection(ExtensibilityGlobals) = postSolution
		SolutionGuid = {13ECA431-ACFD-42FF-88B5-BF3304B52AD1}
	EndGlobalSection
EndGlobal
